{
  "version": 2,
  "packages": {
    "results": {
      "version": "0.5.1",
      "vcsRevision": "df8113dda4c2d74d460a8fa98252b0b771bf1f27",
      "url": "https://github.com/arnetheduck/nim-results",
      "downloadMethod": "git",
      "dependencies": [],
      "checksums": {
        "sha1": "a9c011f74bc9ed5c91103917b9f382b12e82a9e7"
      }
    },
    "unittest2": {
      "version": "0.2.5",
      "vcsRevision": "26f2ef3ae0ec72a2a75bfe557e02e88f6a31c189",
      "url": "https://github.com/status-im/nim-unittest2",
      "downloadMethod": "git",
      "dependencies": [],
      "checksums": {
        "sha1": "02bb3751ba9ddc3c17bfd89f2e41cb6bfb8fc0c9"
      }
    },
    "stew": {
      "version": "0.5.2",
      "vcsRevision": "c75502ceedb5ed2a37b7b5e4744fc71313682859",
      "url": "https://github.com/status-im/nim-stew",
      "downloadMethod": "git",
      "dependencies": [
        "results",
        "unittest2"
      ],
      "checksums": {
        "sha1": "02c533a9a3cae4ef9e3969ca0d85374b254f021a"
      }
    },
    "faststreams": {
      "version": "0.5.2",
      "vcsRevision": "059bc2f52546ac14b583639c33372c14b1d46fa3",
      "url": "https://github.com/status-im/nim-faststreams",
      "downloadMethod": "git",
      "dependencies": [
        "stew",
        "unittest2"
      ],
      "checksums": {
        "sha1": "589a9cf07e1d978f460f3da7f8de9b37ac3141af"
      }
    },
    "serialization": {
      "version": "0.5.4",
      "vcsRevision": "b5473564e80a4908cf6c5a038e4c4a6ca7de2223",
      "url": "https://github.com/status-im/nim-serialization",
      "downloadMethod": "git",
      "dependencies": [
        "faststreams",
        "stew",
        "unittest2"
      ],
      "checksums": {
        "sha1": "6a75be38ab6c8a5d49108a54b494ff70d68ea011"
      }
    },
    "json_serialization": {
      "version": "0.4.5",
      "vcsRevision": "73c37b46591cf3d6a19d39ff0ed14b2e77433778",
      "url": "https://github.com/status-im/nim-json-serialization",
      "downloadMethod": "git",
      "dependencies": [
        "faststreams",
        "results",
        "serialization",
        "stew"
      ],
      "checksums": {
        "sha1": "d0c27756fdbdf3a83739ba6c0575234755ad8afc"
      }
    },
    "testutils": {
      "version": "0.8.3",
      "vcsRevision": "3feb84e206660d5289caefbe7b0f66f97d9ec084",
      "url": "https://github.com/status-im/nim-testutils",
      "downloadMethod": "git",
      "dependencies": [
        "stew",
        "unittest2"
      ],
      "checksums": {
        "sha1": "2aeb2136828691761eb16c73a050938f53477458"
      }
    },
    "chronicles": {
      "version": "0.12.4",
      "vcsRevision": "45c823b8af409f82fa35fd5e1f6a7c9a06fe3137",
      "url": "https://github.com/status-im/nim-chronicles",
      "downloadMethod": "git",
      "dependencies": [
        "faststreams",
        "serialization",
        "json_serialization",
        "testutils"
      ],
      "checksums": {
        "sha1": "fcc95d4ff52d5e4288a6549331c25a299d56f5c0"
      }
    },
    "cligen": {
      "version": "1.11.0",
      "vcsRevision": "bdce5ed5ae8b222321945648b30c39fbc2bed272",
      "url": "https://github.com/c-blake/cligen.git",
      "downloadMethod": "git",
      "dependencies": [],
      "checksums": {
        "sha1": "7ab5190b7ea21aab752bcd03f2ca2b71b048ec4f"
      }
    }
  },
  "tasks": {}
}
